// !$*UTF8*$!
{
	archiveVersion = 1;
	classes = {
	};
	objectVersion = 46;
	objects = {

/* Begin PBXBuildFile section */
		7D0AF0831F09E25F00B42F99 /* TBCityIconFont.m in Sources */ = {isa = PBXBuildFile; fileRef = 7D0AF07E1F09E25F00B42F99 /* TBCityIconFont.m */; };
		7D0AF0841F09E25F00B42F99 /* TBCityIconInfo.m in Sources */ = {isa = PBXBuildFile; fileRef = 7D0AF0801F09E25F00B42F99 /* TBCityIconInfo.m */; };
		7D0AF0851F09E25F00B42F99 /* UIImage+TBCityIconFont.m in Sources */ = {isa = PBXBuildFile; fileRef = 7D0AF0821F09E25F00B42F99 /* UIImage+TBCityIconFont.m */; };
		7D14EE951F9847450081796C /* JXButton.m in Sources */ = {isa = PBXBuildFile; fileRef = 7D14EE931F9847440081796C /* JXButton.m */; };
		7D14EE991F9848130081796C /* RoundView.m in Sources */ = {isa = PBXBuildFile; fileRef = 7D14EE981F9848130081796C /* RoundView.m */; };
		7D14EE9C1F9898040081796C /* HttpHelper.m in Sources */ = {isa = PBXBuildFile; fileRef = 7D14EE9B1F9898040081796C /* HttpHelper.m */; };
		7D14EEA21F98A8EF0081796C /* RoundLabel.m in Sources */ = {isa = PBXBuildFile; fileRef = 7D14EEA11F98A8EF0081796C /* RoundLabel.m */; };
		7D14EEA51F98AB640081796C /* RoundButton.m in Sources */ = {isa = PBXBuildFile; fileRef = 7D14EEA41F98AB640081796C /* RoundButton.m */; };
		7D2992D01F04D52200CECAB6 /* main.m in Sources */ = {isa = PBXBuildFile; fileRef = 7D2992CF1F04D52200CECAB6 /* main.m */; };
		7D2992D31F04D52200CECAB6 /* AppDelegate.m in Sources */ = {isa = PBXBuildFile; fileRef = 7D2992D21F04D52200CECAB6 /* AppDelegate.m */; };
		7D2992D61F04D52200CECAB6 /* ViewController.m in Sources */ = {isa = PBXBuildFile; fileRef = 7D2992D51F04D52200CECAB6 /* ViewController.m */; };
		7D2992D91F04D52200CECAB6 /* Main.storyboard in Resources */ = {isa = PBXBuildFile; fileRef = 7D2992D71F04D52200CECAB6 /* Main.storyboard */; };
		7D2992DB1F04D52200CECAB6 /* Assets.xcassets in Resources */ = {isa = PBXBuildFile; fileRef = 7D2992DA1F04D52200CECAB6 /* Assets.xcassets */; };
		7D2992DE1F04D52200CECAB6 /* LaunchScreen.storyboard in Resources */ = {isa = PBXBuildFile; fileRef = 7D2992DC1F04D52200CECAB6 /* LaunchScreen.storyboard */; };
		7D3183B21F5D651B00CCE347 /* DeviceInfo.m in Sources */ = {isa = PBXBuildFile; fileRef = 7D3183AF1F5D651B00CCE347 /* DeviceInfo.m */; };
		7D3183B31F5D651B00CCE347 /* DeviceIp.m in Sources */ = {isa = PBXBuildFile; fileRef = 7D3183B11F5D651B00CCE347 /* DeviceIp.m */; };
		7D3183C71F5D654C00CCE347 /* KKLabel.m in Sources */ = {isa = PBXBuildFile; fileRef = 7D3183B61F5D654C00CCE347 /* KKLabel.m */; };
		7D3183C81F5D654C00CCE347 /* KKTextField.m in Sources */ = {isa = PBXBuildFile; fileRef = 7D3183B81F5D654C00CCE347 /* KKTextField.m */; };
		7D3183C91F5D654C00CCE347 /* NSArray+Value.m in Sources */ = {isa = PBXBuildFile; fileRef = 7D3183BA1F5D654C00CCE347 /* NSArray+Value.m */; };
		7D3183CA1F5D654C00CCE347 /* UIColor+X.m in Sources */ = {isa = PBXBuildFile; fileRef = 7D3183BC1F5D654C00CCE347 /* UIColor+X.m */; };
		7D3183CB1F5D654C00CCE347 /* UIImage+X.m in Sources */ = {isa = PBXBuildFile; fileRef = 7D3183BE1F5D654C00CCE347 /* UIImage+X.m */; };
		7D3183CC1F5D654C00CCE347 /* UILabel+X.m in Sources */ = {isa = PBXBuildFile; fileRef = 7D3183C01F5D654C00CCE347 /* UILabel+X.m */; };
		7D3183CD1F5D654C00CCE347 /* UITextField+X.m in Sources */ = {isa = PBXBuildFile; fileRef = 7D3183C21F5D654C00CCE347 /* UITextField+X.m */; };
		7D3183CE1F5D654C00CCE347 /* UIView+X.m in Sources */ = {isa = PBXBuildFile; fileRef = 7D3183C41F5D654C00CCE347 /* UIView+X.m */; };
		7D3183CF1F5D654C00CCE347 /* UIViewController+X.m in Sources */ = {isa = PBXBuildFile; fileRef = 7D3183C61F5D654C00CCE347 /* UIViewController+X.m */; };
		7D3183D41F5D656200CCE347 /* BaseTabBarController.m in Sources */ = {isa = PBXBuildFile; fileRef = 7D3183D11F5D656200CCE347 /* BaseTabBarController.m */; };
		7D3183D51F5D656200CCE347 /* KKAppHelper.m in Sources */ = {isa = PBXBuildFile; fileRef = 7D3183D31F5D656200CCE347 /* KKAppHelper.m */; };
		7D72B9621F5FF68D00F42949 /* NSString+X.m in Sources */ = {isa = PBXBuildFile; fileRef = 7D72B9611F5FF68D00F42949 /* NSString+X.m */; };
		BD453F812D738F84F522A8DA /* libPods-KKTools.a in Frameworks */ = {isa = PBXBuildFile; fileRef = 4A30854404CC6BA44678CC6F /* libPods-KKTools.a */; };
/* End PBXBuildFile section */

/* Begin PBXFileReference section */
		0DFFA816EE14F22143FF33AC /* Pods-KKTools.debug.xcconfig */ = {isa = PBXFileReference; includeInIndex = 1; lastKnownFileType = text.xcconfig; name = "Pods-KKTools.debug.xcconfig"; path = "Pods/Target Support Files/Pods-KKTools/Pods-KKTools.debug.xcconfig"; sourceTree = "<group>"; };
		235A28D851AD31204B29F33B /* Pods-KKTools.release.xcconfig */ = {isa = PBXFileReference; includeInIndex = 1; lastKnownFileType = text.xcconfig; name = "Pods-KKTools.release.xcconfig"; path = "Pods/Target Support Files/Pods-KKTools/Pods-KKTools.release.xcconfig"; sourceTree = "<group>"; };
		4A30854404CC6BA44678CC6F /* libPods-KKTools.a */ = {isa = PBXFileReference; explicitFileType = archive.ar; includeInIndex = 0; path = "libPods-KKTools.a"; sourceTree = BUILT_PRODUCTS_DIR; };
		7D0AF07D1F09E25F00B42F99 /* TBCityIconFont.h */ = {isa = PBXFileReference; fileEncoding = 4; lastKnownFileType = sourcecode.c.h; path = TBCityIconFont.h; sourceTree = "<group>"; };
		7D0AF07E1F09E25F00B42F99 /* TBCityIconFont.m */ = {isa = PBXFileReference; fileEncoding = 4; lastKnownFileType = sourcecode.c.objc; path = TBCityIconFont.m; sourceTree = "<group>"; };
		7D0AF07F1F09E25F00B42F99 /* TBCityIconInfo.h */ = {isa = PBXFileReference; fileEncoding = 4; lastKnownFileType = sourcecode.c.h; path = TBCityIconInfo.h; sourceTree = "<group>"; };
		7D0AF0801F09E25F00B42F99 /* TBCityIconInfo.m */ = {isa = PBXFileReference; fileEncoding = 4; lastKnownFileType = sourcecode.c.objc; path = TBCityIconInfo.m; sourceTree = "<group>"; };
		7D0AF0811F09E25F00B42F99 /* UIImage+TBCityIconFont.h */ = {isa = PBXFileReference; fileEncoding = 4; lastKnownFileType = sourcecode.c.h; path = "UIImage+TBCityIconFont.h"; sourceTree = "<group>"; };
		7D0AF0821F09E25F00B42F99 /* UIImage+TBCityIconFont.m */ = {isa = PBXFileReference; fileEncoding = 4; lastKnownFileType = sourcecode.c.objc; path = "UIImage+TBCityIconFont.m"; sourceTree = "<group>"; };
		7D14EE931F9847440081796C /* JXButton.m */ = {isa = PBXFileReference; fileEncoding = 4; lastKnownFileType = sourcecode.c.objc; path = JXButton.m; sourceTree = "<group>"; };
		7D14EE941F9847440081796C /* JXButton.h */ = {isa = PBXFileReference; fileEncoding = 4; lastKnownFileType = sourcecode.c.h; path = JXButton.h; sourceTree = "<group>"; };
		7D14EE971F9848130081796C /* RoundView.h */ = {isa = PBXFileReference; lastKnownFileType = sourcecode.c.h; path = RoundView.h; sourceTree = "<group>"; };
		7D14EE981F9848130081796C /* RoundView.m */ = {isa = PBXFileReference; lastKnownFileType = sourcecode.c.objc; path = RoundView.m; sourceTree = "<group>"; };
		7D14EE9A1F9898040081796C /* HttpHelper.h */ = {isa = PBXFileReference; lastKnownFileType = sourcecode.c.h; path = HttpHelper.h; sourceTree = "<group>"; };
		7D14EE9B1F9898040081796C /* HttpHelper.m */ = {isa = PBXFileReference; lastKnownFileType = sourcecode.c.objc; path = HttpHelper.m; sourceTree = "<group>"; };
		7D14EEA01F98A8EF0081796C /* RoundLabel.h */ = {isa = PBXFileReference; lastKnownFileType = sourcecode.c.h; path = RoundLabel.h; sourceTree = "<group>"; };
		7D14EEA11F98A8EF0081796C /* RoundLabel.m */ = {isa = PBXFileReference; lastKnownFileType = sourcecode.c.objc; path = RoundLabel.m; sourceTree = "<group>"; };
		7D14EEA31F98AB640081796C /* RoundButton.h */ = {isa = PBXFileReference; lastKnownFileType = sourcecode.c.h; path = RoundButton.h; sourceTree = "<group>"; };
		7D14EEA41F98AB640081796C /* RoundButton.m */ = {isa = PBXFileReference; lastKnownFileType = sourcecode.c.objc; path = RoundButton.m; sourceTree = "<group>"; };
		7D2992CB1F04D52200CECAB6 /* KKTools.app */ = {isa = PBXFileReference; explicitFileType = wrapper.application; includeInIndex = 0; path = KKTools.app; sourceTree = BUILT_PRODUCTS_DIR; };
		7D2992CF1F04D52200CECAB6 /* main.m */ = {isa = PBXFileReference; lastKnownFileType = sourcecode.c.objc; path = main.m; sourceTree = "<group>"; };
		7D2992D11F04D52200CECAB6 /* AppDelegate.h */ = {isa = PBXFileReference; lastKnownFileType = sourcecode.c.h; path = AppDelegate.h; sourceTree = "<group>"; };
		7D2992D21F04D52200CECAB6 /* AppDelegate.m */ = {isa = PBXFileReference; lastKnownFileType = sourcecode.c.objc; path = AppDelegate.m; sourceTree = "<group>"; };
		7D2992D41F04D52200CECAB6 /* ViewController.h */ = {isa = PBXFileReference; lastKnownFileType = sourcecode.c.h; path = ViewController.h; sourceTree = "<group>"; };
		7D2992D51F04D52200CECAB6 /* ViewController.m */ = {isa = PBXFileReference; lastKnownFileType = sourcecode.c.objc; path = ViewController.m; sourceTree = "<group>"; };
		7D2992D81F04D52200CECAB6 /* Base */ = {isa = PBXFileReference; lastKnownFileType = file.storyboard; name = Base; path = Base.lproj/Main.storyboard; sourceTree = "<group>"; };
		7D2992DA1F04D52200CECAB6 /* Assets.xcassets */ = {isa = PBXFileReference; lastKnownFileType = folder.assetcatalog; path = Assets.xcassets; sourceTree = "<group>"; };
		7D2992DD1F04D52200CECAB6 /* Base */ = {isa = PBXFileReference; lastKnownFileType = file.storyboard; name = Base; path = Base.lproj/LaunchScreen.storyboard; sourceTree = "<group>"; };
		7D2992DF1F04D52200CECAB6 /* Info.plist */ = {isa = PBXFileReference; lastKnownFileType = text.plist.xml; path = Info.plist; sourceTree = "<group>"; };
		7D3183A11F5D62F500CCE347 /* CoreTelephony.framework */ = {isa = PBXFileReference; lastKnownFileType = wrapper.framework; name = CoreTelephony.framework; path = System/Library/Frameworks/CoreTelephony.framework; sourceTree = SDKROOT; };
		7D3183A31F5D630A00CCE347 /* SystemConfiguration.framework */ = {isa = PBXFileReference; lastKnownFileType = wrapper.framework; name = SystemConfiguration.framework; path = System/Library/Frameworks/SystemConfiguration.framework; sourceTree = SDKROOT; };
		7D3183AE1F5D651B00CCE347 /* DeviceInfo.h */ = {isa = PBXFileReference; fileEncoding = 4; lastKnownFileType = sourcecode.c.h; path = DeviceInfo.h; sourceTree = "<group>"; };
		7D3183AF1F5D651B00CCE347 /* DeviceInfo.m */ = {isa = PBXFileReference; fileEncoding = 4; lastKnownFileType = sourcecode.c.objc; path = DeviceInfo.m; sourceTree = "<group>"; };
		7D3183B01F5D651B00CCE347 /* DeviceIp.h */ = {isa = PBXFileReference; fileEncoding = 4; lastKnownFileType = sourcecode.c.h; path = DeviceIp.h; sourceTree = "<group>"; };
		7D3183B11F5D651B00CCE347 /* DeviceIp.m */ = {isa = PBXFileReference; fileEncoding = 4; lastKnownFileType = sourcecode.c.objc; path = DeviceIp.m; sourceTree = "<group>"; };
		7D3183B51F5D654C00CCE347 /* KKLabel.h */ = {isa = PBXFileReference; fileEncoding = 4; lastKnownFileType = sourcecode.c.h; path = KKLabel.h; sourceTree = "<group>"; };
		7D3183B61F5D654C00CCE347 /* KKLabel.m */ = {isa = PBXFileReference; fileEncoding = 4; lastKnownFileType = sourcecode.c.objc; path = KKLabel.m; sourceTree = "<group>"; };
		7D3183B71F5D654C00CCE347 /* KKTextField.h */ = {isa = PBXFileReference; fileEncoding = 4; lastKnownFileType = sourcecode.c.h; path = KKTextField.h; sourceTree = "<group>"; };
		7D3183B81F5D654C00CCE347 /* KKTextField.m */ = {isa = PBXFileReference; fileEncoding = 4; lastKnownFileType = sourcecode.c.objc; path = KKTextField.m; sourceTree = "<group>"; };
		7D3183B91F5D654C00CCE347 /* NSArray+Value.h */ = {isa = PBXFileReference; fileEncoding = 4; lastKnownFileType = sourcecode.c.h; path = "NSArray+Value.h"; sourceTree = "<group>"; };
		7D3183BA1F5D654C00CCE347 /* NSArray+Value.m */ = {isa = PBXFileReference; fileEncoding = 4; lastKnownFileType = sourcecode.c.objc; path = "NSArray+Value.m"; sourceTree = "<group>"; };
		7D3183BB1F5D654C00CCE347 /* UIColor+X.h */ = {isa = PBXFileReference; fileEncoding = 4; lastKnownFileType = sourcecode.c.h; path = "UIColor+X.h"; sourceTree = "<group>"; };
		7D3183BC1F5D654C00CCE347 /* UIColor+X.m */ = {isa = PBXFileReference; fileEncoding = 4; lastKnownFileType = sourcecode.c.objc; path = "UIColor+X.m"; sourceTree = "<group>"; };
		7D3183BD1F5D654C00CCE347 /* UIImage+X.h */ = {isa = PBXFileReference; fileEncoding = 4; lastKnownFileType = sourcecode.c.h; path = "UIImage+X.h"; sourceTree = "<group>"; };
		7D3183BE1F5D654C00CCE347 /* UIImage+X.m */ = {isa = PBXFileReference; fileEncoding = 4; lastKnownFileType = sourcecode.c.objc; path = "UIImage+X.m"; sourceTree = "<group>"; };
		7D3183BF1F5D654C00CCE347 /* UILabel+X.h */ = {isa = PBXFileReference; fileEncoding = 4; lastKnownFileType = sourcecode.c.h; path = "UILabel+X.h"; sourceTree = "<group>"; };
		7D3183C01F5D654C00CCE347 /* UILabel+X.m */ = {isa = PBXFileReference; fileEncoding = 4; lastKnownFileType = sourcecode.c.objc; path = "UILabel+X.m"; sourceTree = "<group>"; };
		7D3183C11F5D654C00CCE347 /* UITextField+X.h */ = {isa = PBXFileReference; fileEncoding = 4; lastKnownFileType = sourcecode.c.h; path = "UITextField+X.h"; sourceTree = "<group>"; };
		7D3183C21F5D654C00CCE347 /* UITextField+X.m */ = {isa = PBXFileReference; fileEncoding = 4; lastKnownFileType = sourcecode.c.objc; path = "UITextField+X.m"; sourceTree = "<group>"; };
		7D3183C31F5D654C00CCE347 /* UIView+X.h */ = {isa = PBXFileReference; fileEncoding = 4; lastKnownFileType = sourcecode.c.h; path = "UIView+X.h"; sourceTree = "<group>"; };
		7D3183C41F5D654C00CCE347 /* UIView+X.m */ = {isa = PBXFileReference; fileEncoding = 4; lastKnownFileType = sourcecode.c.objc; path = "UIView+X.m"; sourceTree = "<group>"; };
		7D3183C51F5D654C00CCE347 /* UIViewController+X.h */ = {isa = PBXFileReference; fileEncoding = 4; lastKnownFileType = sourcecode.c.h; path = "UIViewController+X.h"; sourceTree = "<group>"; };
		7D3183C61F5D654C00CCE347 /* UIViewController+X.m */ = {isa = PBXFileReference; fileEncoding = 4; lastKnownFileType = sourcecode.c.objc; path = "UIViewController+X.m"; sourceTree = "<group>"; };
		7D3183D01F5D656200CCE347 /* BaseTabBarController.h */ = {isa = PBXFileReference; fileEncoding = 4; lastKnownFileType = sourcecode.c.h; path = BaseTabBarController.h; sourceTree = "<group>"; };
		7D3183D11F5D656200CCE347 /* BaseTabBarController.m */ = {isa = PBXFileReference; fileEncoding = 4; lastKnownFileType = sourcecode.c.objc; path = BaseTabBarController.m; sourceTree = "<group>"; };
		7D3183D21F5D656200CCE347 /* KKAppHelper.h */ = {isa = PBXFileReference; fileEncoding = 4; lastKnownFileType = sourcecode.c.h; path = KKAppHelper.h; sourceTree = "<group>"; };
		7D3183D31F5D656200CCE347 /* KKAppHelper.m */ = {isa = PBXFileReference; fileEncoding = 4; lastKnownFileType = sourcecode.c.objc; path = KKAppHelper.m; sourceTree = "<group>"; };
		7D3183D61F5D65FD00CCE347 /* PrefixHeader.pch */ = {isa = PBXFileReference; lastKnownFileType = sourcecode.c.h; path = PrefixHeader.pch; sourceTree = "<group>"; };
		7D72B9601F5FF68D00F42949 /* NSString+X.h */ = {isa = PBXFileReference; fileEncoding = 4; lastKnownFileType = sourcecode.c.h; path = "NSString+X.h"; sourceTree = "<group>"; };
		7D72B9611F5FF68D00F42949 /* NSString+X.m */ = {isa = PBXFileReference; fileEncoding = 4; lastKnownFileType = sourcecode.c.objc; path = "NSString+X.m"; sourceTree = "<group>"; };
/* End PBXFileReference section */

/* Begin PBXFrameworksBuildPhase section */
		7D2992C81F04D52200CECAB6 /* Frameworks */ = {
			isa = PBXFrameworksBuildPhase;
			buildActionMask = 2147483647;
			files = (
				BD453F812D738F84F522A8DA /* libPods-KKTools.a in Frameworks */,
			);
			runOnlyForDeploymentPostprocessing = 0;
		};
/* End PBXFrameworksBuildPhase section */

/* Begin PBXGroup section */
		7D0AF07C1F09E25F00B42F99 /* IconFont */ = {
			isa = PBXGroup;
			children = (
				7D0AF07D1F09E25F00B42F99 /* TBCityIconFont.h */,
				7D0AF07E1F09E25F00B42F99 /* TBCityIconFont.m */,
				7D0AF07F1F09E25F00B42F99 /* TBCityIconInfo.h */,
				7D0AF0801F09E25F00B42F99 /* TBCityIconInfo.m */,
				7D0AF0811F09E25F00B42F99 /* UIImage+TBCityIconFont.h */,
				7D0AF0821F09E25F00B42F99 /* UIImage+TBCityIconFont.m */,
			);
			path = IconFont;
			sourceTree = "<group>";
		};
		7D14EE961F98479F0081796C /* Custom */ = {
			isa = PBXGroup;
			children = (
				7D3183D21F5D656200CCE347 /* KKAppHelper.h */,
				7D3183D31F5D656200CCE347 /* KKAppHelper.m */,
				7D14EE9A1F9898040081796C /* HttpHelper.h */,
				7D14EE9B1F9898040081796C /* HttpHelper.m */,
				7D3183B51F5D654C00CCE347 /* KKLabel.h */,
				7D3183B61F5D654C00CCE347 /* KKLabel.m */,
				7D14EE941F9847440081796C /* JXButton.h */,
				7D14EE931F9847440081796C /* JXButton.m */,
				7D3183B71F5D654C00CCE347 /* KKTextField.h */,
				7D3183B81F5D654C00CCE347 /* KKTextField.m */,
				7D14EE971F9848130081796C /* RoundView.h */,
				7D14EE981F9848130081796C /* RoundView.m */,
				7D14EEA01F98A8EF0081796C /* RoundLabel.h */,
				7D14EEA11F98A8EF0081796C /* RoundLabel.m */,
				7D14EEA31F98AB640081796C /* RoundButton.h */,
				7D14EEA41F98AB640081796C /* RoundButton.m */,
			);
			path = Custom;
			sourceTree = "<group>";
		};
		7D2992C21F04D52200CECAB6 = {
			isa = PBXGroup;
			children = (
				7D0AF07C1F09E25F00B42F99 /* IconFont */,
				7D2992CD1F04D52200CECAB6 /* KKTools */,
				7D2992CC1F04D52200CECAB6 /* Products */,
				7D3183A01F5D62F500CCE347 /* Frameworks */,
				FABE611D8B350C4BB5423AB6 /* Pods */,
			);
			sourceTree = "<group>";
		};
		7D2992CC1F04D52200CECAB6 /* Products */ = {
			isa = PBXGroup;
			children = (
				7D2992CB1F04D52200CECAB6 /* KKTools.app */,
			);
			name = Products;
			sourceTree = "<group>";
		};
		7D2992CD1F04D52200CECAB6 /* KKTools */ = {
			isa = PBXGroup;
			children = (
				7D3183AC1F5D651300CCE347 /* CommonTools */,
				7D2992D11F04D52200CECAB6 /* AppDelegate.h */,
				7D2992D21F04D52200CECAB6 /* AppDelegate.m */,
				7D2992D41F04D52200CECAB6 /* ViewController.h */,
				7D2992D51F04D52200CECAB6 /* ViewController.m */,
				7D2992D71F04D52200CECAB6 /* Main.storyboard */,
				7D2992DA1F04D52200CECAB6 /* Assets.xcassets */,
				7D2992DC1F04D52200CECAB6 /* LaunchScreen.storyboard */,
				7D2992DF1F04D52200CECAB6 /* Info.plist */,
				7D2992CE1F04D52200CECAB6 /* Supporting Files */,
			);
			path = KKTools;
			sourceTree = "<group>";
		};
		7D2992CE1F04D52200CECAB6 /* Supporting Files */ = {
			isa = PBXGroup;
			children = (
				7D2992CF1F04D52200CECAB6 /* main.m */,
			);
			name = "Supporting Files";
			sourceTree = "<group>";
		};
		7D3183A01F5D62F500CCE347 /* Frameworks */ = {
			isa = PBXGroup;
			children = (
				7D3183A31F5D630A00CCE347 /* SystemConfiguration.framework */,
				7D3183A11F5D62F500CCE347 /* CoreTelephony.framework */,
				4A30854404CC6BA44678CC6F /* libPods-KKTools.a */,
			);
			name = Frameworks;
			sourceTree = "<group>";
		};
		7D3183AC1F5D651300CCE347 /* CommonTools */ = {
			isa = PBXGroup;
			children = (
				7D3183D01F5D656200CCE347 /* BaseTabBarController.h */,
				7D3183D11F5D656200CCE347 /* BaseTabBarController.m */,
				7D14EE961F98479F0081796C /* Custom */,
				7D3183B41F5D653D00CCE347 /* Category */,
				7D3183AD1F5D651B00CCE347 /* Device */,
				7D3183D61F5D65FD00CCE347 /* PrefixHeader.pch */,
			);
			path = CommonTools;
			sourceTree = "<group>";
		};
		7D3183AD1F5D651B00CCE347 /* Device */ = {
			isa = PBXGroup;
			children = (
				7D3183AE1F5D651B00CCE347 /* DeviceInfo.h */,
				7D3183AF1F5D651B00CCE347 /* DeviceInfo.m */,
				7D3183B01F5D651B00CCE347 /* DeviceIp.h */,
				7D3183B11F5D651B00CCE347 /* DeviceIp.m */,
			);
			path = Device;
			sourceTree = "<group>";
		};
		7D3183B41F5D653D00CCE347 /* Category */ = {
			isa = PBXGroup;
			children = (
				7D3183BF1F5D654C00CCE347 /* UILabel+X.h */,
				7D3183C01F5D654C00CCE347 /* UILabel+X.m */,
				7D3183BB1F5D654C00CCE347 /* UIColor+X.h */,
				7D3183BC1F5D654C00CCE347 /* UIColor+X.m */,
				7D3183C31F5D654C00CCE347 /* UIView+X.h */,
				7D3183C41F5D654C00CCE347 /* UIView+X.m */,
				7D3183BD1F5D654C00CCE347 /* UIImage+X.h */,
				7D3183BE1F5D654C00CCE347 /* UIImage+X.m */,
				7D3183C11F5D654C00CCE347 /* UITextField+X.h */,
				7D3183C21F5D654C00CCE347 /* UITextField+X.m */,
				7D72B9601F5FF68D00F42949 /* NSString+X.h */,
				7D72B9611F5FF68D00F42949 /* NSString+X.m */,
				7D3183B91F5D654C00CCE347 /* NSArray+Value.h */,
				7D3183BA1F5D654C00CCE347 /* NSArray+Value.m */,
				7D3183C51F5D654C00CCE347 /* UIViewController+X.h */,
				7D3183C61F5D654C00CCE347 /* UIViewController+X.m */,
			);
			path = Category;
			sourceTree = "<group>";
		};
		FABE611D8B350C4BB5423AB6 /* Pods */ = {
			isa = PBXGroup;
			children = (
				0DFFA816EE14F22143FF33AC /* Pods-KKTools.debug.xcconfig */,
				235A28D851AD31204B29F33B /* Pods-KKTools.release.xcconfig */,
			);
			name = Pods;
			sourceTree = "<group>";
		};
/* End PBXGroup section */

/* Begin PBXNativeTarget section */
		7D2992CA1F04D52200CECAB6 /* KKTools */ = {
			isa = PBXNativeTarget;
			buildConfigurationList = 7D2992E21F04D52200CECAB6 /* Build configuration list for PBXNativeTarget "KKTools" */;
			buildPhases = (
				F19DD16E6CBDF4E6554F3D9C /* [CP] Check Pods Manifest.lock */,
				7D2992C71F04D52200CECAB6 /* Sources */,
				7D2992C81F04D52200CECAB6 /* Frameworks */,
				7D2992C91F04D52200CECAB6 /* Resources */,
				458BE9F6D050859F0AF73CDF /* [CP] Embed Pods Frameworks */,
				9346D967F0221379E0B82360 /* [CP] Copy Pods Resources */,
			);
			buildRules = (
			);
			dependencies = (
			);
			name = KKTools;
			productName = KKTools;
			productReference = 7D2992CB1F04D52200CECAB6 /* KKTools.app */;
			productType = "com.apple.product-type.application";
		};
/* End PBXNativeTarget section */

/* Begin PBXProject section */
		7D2992C31F04D52200CECAB6 /* Project object */ = {
			isa = PBXProject;
			attributes = {
				LastUpgradeCheck = 0900;
				ORGANIZATIONNAME = KK;
				TargetAttributes = {
					7D2992CA1F04D52200CECAB6 = {
						CreatedOnToolsVersion = 8.3.3;
						ProvisioningStyle = Automatic;
					};
				};
			};
			buildConfigurationList = 7D2992C61F04D52200CECAB6 /* Build configuration list for PBXProject "KKTools" */;
			compatibilityVersion = "Xcode 3.2";
			developmentRegion = English;
			hasScannedForEncodings = 0;
			knownRegions = (
				en,
				Base,
			);
			mainGroup = 7D2992C21F04D52200CECAB6;
			productRefGroup = 7D2992CC1F04D52200CECAB6 /* Products */;
			projectDirPath = "";
			projectRoot = "";
			targets = (
				7D2992CA1F04D52200CECAB6 /* KKTools */,
			);
		};
/* End PBXProject section */

/* Begin PBXResourcesBuildPhase section */
		7D2992C91F04D52200CECAB6 /* Resources */ = {
			isa = PBXResourcesBuildPhase;
			buildActionMask = 2147483647;
			files = (
				7D2992DE1F04D52200CECAB6 /* LaunchScreen.storyboard in Resources */,
				7D2992DB1F04D52200CECAB6 /* Assets.xcassets in Resources */,
				7D2992D91F04D52200CECAB6 /* Main.storyboard in Resources */,
			);
			runOnlyForDeploymentPostprocessing = 0;
		};
/* End PBXResourcesBuildPhase section */

/* Begin PBXShellScriptBuildPhase section */
		458BE9F6D050859F0AF73CDF /* [CP] Embed Pods Frameworks */ = {
			isa = PBXShellScriptBuildPhase;
			buildActionMask = 2147483647;
			files = (
			);
			inputPaths = (
			);
			name = "[CP] Embed Pods Frameworks";
			outputPaths = (
			);
			runOnlyForDeploymentPostprocessing = 0;
			shellPath = /bin/sh;
			shellScript = "\"${SRCROOT}/Pods/Target Support Files/Pods-KKTools/Pods-KKTools-frameworks.sh\"\n";
			showEnvVarsInLog = 0;
		};
		9346D967F0221379E0B82360 /* [CP] Copy Pods Resources */ = {
			isa = PBXShellScriptBuildPhase;
			buildActionMask = 2147483647;
			files = (
			);
			inputPaths = (
			);
			name = "[CP] Copy Pods Resources";
			outputPaths = (
			);
			runOnlyForDeploymentPostprocessing = 0;
			shellPath = /bin/sh;
			shellScript = "\"${SRCROOT}/Pods/Target Support Files/Pods-KKTools/Pods-KKTools-resources.sh\"\n";
			showEnvVarsInLog = 0;
		};
		F19DD16E6CBDF4E6554F3D9C /* [CP] Check Pods Manifest.lock */ = {
			isa = PBXShellScriptBuildPhase;
			buildActionMask = 2147483647;
			files = (
			);
			inputPaths = (
			);
			name = "[CP] Check Pods Manifest.lock";
			outputPaths = (
			);
			runOnlyForDeploymentPostprocessing = 0;
			shellPath = /bin/sh;
			shellScript = "diff \"${PODS_PODFILE_DIR_PATH}/Podfile.lock\" \"${PODS_ROOT}/Manifest.lock\" > /dev/null\nif [ $? != 0 ] ; then\n    # print error to STDERR\n    echo \"error: The sandbox is not in sync with the Podfile.lock. Run 'pod install' or update your CocoaPods installation.\" >&2\n    exit 1\nfi\n";
			showEnvVarsInLog = 0;
		};
/* End PBXShellScriptBuildPhase section */

/* Begin PBXSourcesBuildPhase section */
		7D2992C71F04D52200CECAB6 /* Sources */ = {
			isa = PBXSourcesBuildPhase;
			buildActionMask = 2147483647;
			files = (
				7D3183D41F5D656200CCE347 /* BaseTabBarController.m in Sources */,
				7D2992D61F04D52200CECAB6 /* ViewController.m in Sources */,
				7D2992D31F04D52200CECAB6 /* AppDelegate.m in Sources */,
				7D2992D01F04D52200CECAB6 /* main.m in Sources */,
				7D3183CE1F5D654C00CCE347 /* UIView+X.m in Sources */,
				7D0AF0841F09E25F00B42F99 /* TBCityIconInfo.m in Sources */,
				7D3183CC1F5D654C00CCE347 /* UILabel+X.m in Sources */,
				7D14EEA21F98A8EF0081796C /* RoundLabel.m in Sources */,
				7D3183B21F5D651B00CCE347 /* DeviceInfo.m in Sources */,
				7D3183C91F5D654C00CCE347 /* NSArray+Value.m in Sources */,
				7D3183CF1F5D654C00CCE347 /* UIViewController+X.m in Sources */,
				7D14EE951F9847450081796C /* JXButton.m in Sources */,
				7D3183B31F5D651B00CCE347 /* DeviceIp.m in Sources */,
				7D3183C81F5D654C00CCE347 /* KKTextField.m in Sources */,
				7D3183CA1F5D654C00CCE347 /* UIColor+X.m in Sources */,
				7D0AF0831F09E25F00B42F99 /* TBCityIconFont.m in Sources */,
				7D14EE9C1F9898040081796C /* HttpHelper.m in Sources */,
				7D72B9621F5FF68D00F42949 /* NSString+X.m in Sources */,
				7D3183CB1F5D654C00CCE347 /* UIImage+X.m in Sources */,
				7D0AF0851F09E25F00B42F99 /* UIImage+TBCityIconFont.m in Sources */,
				7D3183C71F5D654C00CCE347 /* KKLabel.m in Sources */,
				7D14EEA51F98AB640081796C /* RoundButton.m in Sources */,
				7D3183CD1F5D654C00CCE347 /* UITextField+X.m in Sources */,
				7D3183D51F5D656200CCE347 /* KKAppHelper.m in Sources */,
				7D14EE991F9848130081796C /* RoundView.m in Sources */,
			);
			runOnlyForDeploymentPostprocessing = 0;
		};
/* End PBXSourcesBuildPhase section */

/* Begin PBXVariantGroup section */
		7D2992D71F04D52200CECAB6 /* Main.storyboard */ = {
			isa = PBXVariantGroup;
			children = (
				7D2992D81F04D52200CECAB6 /* Base */,
			);
			name = Main.storyboard;
			sourceTree = "<group>";
		};
		7D2992DC1F04D52200CECAB6 /* LaunchScreen.storyboard */ = {
			isa = PBXVariantGroup;
			children = (
				7D2992DD1F04D52200CECAB6 /* Base */,
			);
			name = LaunchScreen.storyboard;
			sourceTree = "<group>";
		};
/* End PBXVariantGroup section */

/* Begin XCBuildConfiguration section */
		7D2992E01F04D52200CECAB6 /* Debug */ = {
			isa = XCBuildConfiguration;
			buildSettings = {
				ALWAYS_SEARCH_USER_PATHS = NO;
				CLANG_ANALYZER_NONNULL = YES;
				CLANG_ANALYZER_NUMBER_OBJECT_CONVERSION = YES_AGGRESSIVE;
				CLANG_CXX_LANGUAGE_STANDARD = "gnu++0x";
				CLANG_CXX_LIBRARY = "libc++";
				CLANG_ENABLE_MODULES = YES;
				CLANG_ENABLE_OBJC_ARC = YES;
				CLANG_WARN_BLOCK_CAPTURE_AUTORELEASING = YES;
				CLANG_WARN_BOOL_CONVERSION = YES;
				CLANG_WARN_COMMA = YES;
				CLANG_WARN_CONSTANT_CONVERSION = YES;
				CLANG_WARN_DIRECT_OBJC_ISA_USAGE = YES_ERROR;
				CLANG_WARN_DOCUMENTATION_COMMENTS = YES;
				CLANG_WARN_EMPTY_BODY = YES;
				CLANG_WARN_ENUM_CONVERSION = YES;
				CLANG_WARN_INFINITE_RECURSION = YES;
				CLANG_WARN_INT_CONVERSION = YES;
				CLANG_WARN_NON_LITERAL_NULL_CONVERSION = YES;
				CLANG_WARN_OBJC_LITERAL_CONVERSION = YES;
				CLANG_WARN_OBJC_ROOT_CLASS = YES_ERROR;
				CLANG_WARN_RANGE_LOOP_ANALYSIS = YES;
				CLANG_WARN_STRICT_PROTOTYPES = YES;
				CLANG_WARN_SUSPICIOUS_MOVE = YES;
				CLANG_WARN_UNREACHABLE_CODE = YES;
				CLANG_WARN__DUPLICATE_METHOD_MATCH = YES;
				"CODE_SIGN_IDENTITY[sdk=iphoneos*]" = "iPhone Developer";
				COPY_PHASE_STRIP = NO;
				DEBUG_INFORMATION_FORMAT = dwarf;
				ENABLE_STRICT_OBJC_MSGSEND = YES;
				ENABLE_TESTABILITY = YES;
				GCC_C_LANGUAGE_STANDARD = gnu99;
				GCC_DYNAMIC_NO_PIC = NO;
				GCC_NO_COMMON_BLOCKS = YES;
				GCC_OPTIMIZATION_LEVEL = 0;
				GCC_PREPROCESSOR_DEFINITIONS = (
					"DEBUG=1",
					"$(inherited)",
				);
				GCC_WARN_64_TO_32_BIT_CONVERSION = YES;
				GCC_WARN_ABOUT_RETURN_TYPE = YES_ERROR;
				GCC_WARN_UNDECLARED_SELECTOR = YES;
				GCC_WARN_UNINITIALIZED_AUTOS = YES_AGGRESSIVE;
				GCC_WARN_UNUSED_FUNCTION = YES;
				GCC_WARN_UNUSED_VARIABLE = YES;
				IPHONEOS_DEPLOYMENT_TARGET = 8.0;
				MTL_ENABLE_DEBUG_INFO = YES;
				ONLY_ACTIVE_ARCH = YES;
				SDKROOT = iphoneos;
				TARGETED_DEVICE_FAMILY = "1,2";
			};
			name = Debug;
		};
		7D2992E11F04D52200CECAB6 /* Release */ = {
			isa = XCBuildConfiguration;
			buildSettings = {
				ALWAYS_SEARCH_USER_PATHS = NO;
				CLANG_ANALYZER_NONNULL = YES;
				CLANG_ANALYZER_NUMBER_OBJECT_CONVERSION = YES_AGGRESSIVE;
				CLANG_CXX_LANGUAGE_STANDARD = "gnu++0x";
				CLANG_CXX_LIBRARY = "libc++";
				CLANG_ENABLE_MODULES = YES;
				CLANG_ENABLE_OBJC_ARC = YES;
				CLANG_WARN_BLOCK_CAPTURE_AUTORELEASING = YES;
				CLANG_WARN_BOOL_CONVERSION = YES;
				CLANG_WARN_COMMA = YES;
				CLANG_WARN_CONSTANT_CONVERSION = YES;
				CLANG_WARN_DIRECT_OBJC_ISA_USAGE = YES_ERROR;
				CLANG_WARN_DOCUMENTATION_COMMENTS = YES;
				CLANG_WARN_EMPTY_BODY = YES;
				CLANG_WARN_ENUM_CONVERSION = YES;
				CLANG_WARN_INFINITE_RECURSION = YES;
				CLANG_WARN_INT_CONVERSION = YES;
				CLANG_WARN_NON_LITERAL_NULL_CONVERSION = YES;
				CLANG_WARN_OBJC_LITERAL_CONVERSION = YES;
				CLANG_WARN_OBJC_ROOT_CLASS = YES_ERROR;
				CLANG_WARN_RANGE_LOOP_ANALYSIS = YES;
				CLANG_WARN_STRICT_PROTOTYPES = YES;
				CLANG_WARN_SUSPICIOUS_MOVE = YES;
				CLANG_WARN_UNREACHABLE_CODE = YES;
				CLANG_WARN__DUPLICATE_METHOD_MATCH = YES;
				"CODE_SIGN_IDENTITY[sdk=iphoneos*]" = "iPhone Developer";
				COPY_PHASE_STRIP = NO;
				DEBUG_INFORMATION_FORMAT = "dwarf-with-dsym";
				ENABLE_NS_ASSERTIONS = NO;
				ENABLE_STRICT_OBJC_MSGSEND = YES;
				GCC_C_LANGUAGE_STANDARD = gnu99;
				GCC_NO_COMMON_BLOCKS = YES;
				GCC_WARN_64_TO_32_BIT_CONVERSION = YES;
				GCC_WARN_ABOUT_RETURN_TYPE = YES_ERROR;
				GCC_WARN_UNDECLARED_SELECTOR = YES;
				GCC_WARN_UNINITIALIZED_AUTOS = YES_AGGRESSIVE;
				GCC_WARN_UNUSED_FUNCTION = YES;
				GCC_WARN_UNUSED_VARIABLE = YES;
				IPHONEOS_DEPLOYMENT_TARGET = 8.0;
				MTL_ENABLE_DEBUG_INFO = NO;
				SDKROOT = iphoneos;
				TARGETED_DEVICE_FAMILY = "1,2";
				VALIDATE_PRODUCT = YES;
			};
			name = Release;
		};
		7D2992E31F04D52200CECAB6 /* Debug */ = {
			isa = XCBuildConfiguration;
			baseConfigurationReference = 0DFFA816EE14F22143FF33AC /* Pods-KKTools.debug.xcconfig */;
			buildSettings = {
				ASSETCATALOG_COMPILER_APPICON_NAME = AppIcon;
				GCC_PRECOMPILE_PREFIX_HEADER = YES;
				GCC_PREFIX_HEADER = /Users/zving/Desktop/KKTools/KKTools/CommonTools/PrefixHeader.pch;
				INFOPLIST_FILE = KKTools/Info.plist;
				LD_RUNPATH_SEARCH_PATHS = "$(inherited) @executable_path/Frameworks";
				PRODUCT_BUNDLE_IDENTIFIER = com.zving.KKTools;
				PRODUCT_NAME = "$(TARGET_NAME)";
			};
			name = Debug;
		};
		7D2992E41F04D52200CECAB6 /* Release */ = {
			isa = XCBuildConfiguration;
			baseConfigurationReference = 235A28D851AD31204B29F33B /* Pods-KKTools.release.xcconfig */;
			buildSettings = {
				ASSETCATALOG_COMPILER_APPICON_NAME = AppIcon;
				GCC_PRECOMPILE_PREFIX_HEADER = YES;
				GCC_PREFIX_HEADER = /Users/zving/Desktop/KKTools/KKTools/CommonTools/PrefixHeader.pch;
				INFOPLIST_FILE = KKTools/Info.plist;
				LD_RUNPATH_SEARCH_PATHS = "$(inherited) @executable_path/Frameworks";
				PRODUCT_BUNDLE_IDENTIFIER = com.zving.KKTools;
				PRODUCT_NAME = "$(TARGET_NAME)";
			};
			name = Release;
		};
/* End XCBuildConfiguration section */

/* Begin XCConfigurationList section */
		7D2992C61F04D52200CECAB6 /* Build configuration list for PBXProject "KKTools" */ = {
			isa = XCConfigurationList;
			buildConfigurations = (
				7D2992E01F04D52200CECAB6 /* Debug */,
				7D2992E11F04D52200CECAB6 /* Release */,
			);
			defaultConfigurationIsVisible = 0;
			defaultConfigurationName = Debug;
		};
		7D2992E21F04D52200CECAB6 /* Build configuration list for PBXNativeTarget "KKTools" */ = {
			isa = XCConfigurationList;
			buildConfigurations = (
				7D2992E31F04D52200CECAB6 /* Debug */,
				7D2992E41F04D52200CECAB6 /* Release */,
			);
			defaultConfigurationIsVisible = 0;
			defaultConfigurationName = Debug;
		};
/* End XCConfigurationList section */
	};
	rootObject = 7D2992C31F04D52200CECAB6 /* Project object */;
}
